
Microsoft Visual Studio Solution File, Format Version 12.00
# Visual Studio 15
VisualStudioVersion = 15.0.28010.2003
MinimumVisualStudioVersion = 10.0.40219.1
Project("{9A19103F-16F7-4668-BE54-9A1E7A4F7556}") = "LinqForMongodb", "LinqForMongodb\LinqForMongodb.csproj", "{3C395A06-7CE9-4DAC-A1AF-C6FDB1048672}"
EndProject
Global
	GlobalSection(SolutionConfigurationPlatforms) = preSolution
		Debug|Any CPU = Debug|Any CPU
		Release|Any CPU = Release|Any CPU
	EndGlobalSection
	GlobalSection(ProjectConfigurationPlatforms) = postSolution
		{3C395A06-7CE9-4DAC-A1AF-C6FDB1048672}.Debug|Any CPU.ActiveCfg = Debug|Any CPU
		{3C395A06-7CE9-4DAC-A1AF-C6FDB1048672}.Debug|Any CPU.Build.0 = Debug|Any CPU
		{3C395A06-7CE9-4DAC-A1AF-C6FDB1048672}.Release|Any CPU.ActiveCfg = Release|Any CPU
		{3C395A06-7CE9-4DAC-A1AF-C6FDB1048672}.Release|Any CPU.Build.0 = Release|Any CPU
	EndGlobalSection
	GlobalSection(SolutionProperties) = preSolution
		HideSolutionNode = FALSE
	EndGlobalSection
	GlobalSection(ExtensibilityGlobals) = postSolution
		SolutionGuid = {DFC7D6CD-2A25-4B9B-8307-5A0F4A2CE83D}
	EndGlobalSection
EndGlobal
